Microsoft Visual Studio Solution File, Format Version 12.00
# Visual Studio Version 17
VisualStudioVersion = 17.5.2.0
MinimumVisualStudioVersion = 10.0.40219.1
Project("{FAE04EC0-301F-11D3-BF4B-00C04F79EFBC}") = "StudentJobManagement", "StudentJobManagement.csproj", "{4AA143C6-CF77-1983-A4BE-F2D15BE64394}"
EndProject
Global
	GlobalSection(SolutionConfigurationPlatforms) = preSolution
		Debug|Any CPU = Debug|Any CPU
		Release|Any CPU = Release|Any CPU
	EndGlobalSection
	GlobalSection(ProjectConfigurationPlatforms) = postSolution
		{4AA143C6-CF77-1983-A4BE-F2D15BE64394}.Debug|Any CPU.ActiveCfg = Debug|Any CPU
		{4AA143C6-CF77-1983-A4BE-F2D15BE64394}.Debug|Any CPU.Build.0 = Debug|Any CPU
		{4AA143C6-CF77-1983-A4BE-F2D15BE64394}.Release|Any CPU.ActiveCfg = Release|Any CPU
		{4AA143C6-CF77-1983-A4BE-F2D15BE64394}.Release|Any CPU.Build.0 = Release|Any CPU
	EndGlobalSection
	GlobalSection(SolutionProperties) = preSolution
		HideSolutionNode = FALSE
	EndGlobalSection
	GlobalSection(ExtensibilityGlobals) = postSolution
		SolutionGuid = {4F1FFCDE-B11C-49DE-BF4D-0A22AAB42551}
	EndGlobalSection
EndGlobal
